
Microsoft Visual Studio Solution File, Format Version 11.00
# Visual Studio 2010
Project("{2150E333-8FDC-42A3-9474-1A3956D46DE8}") = "Solution Items", "Solution Items", "{2409BF97-48CC-4989-8C6B-A90DC2C99941}"
	ProjectSection(SolutionItems) = preProject
		..\Local.testsettings = ..\Local.testsettings
		..\TraceAndTestImpact.testsettings = ..\TraceAndTestImpact.testsettings
	EndProjectSection
EndProject
Project("{FAE04EC0-301F-11D3-BF4B-00C04F79EFBC}") = "DynamicSugar.MonoTouch", "DynamicSugar.MonoTouch.csproj", "{9411FD91-3C80-47DB-8DFB-8FFC68C18592}"
EndProject
Global
	GlobalSection(TestCaseManagementSettings) = postSolution
		CategoryFile = DynamicSugar.vsmdi
	EndGlobalSection
	GlobalSection(SolutionConfigurationPlatforms) = preSolution
		Debug|Any CPU = Debug|Any CPU
		Debug|Mixed Platforms = Debug|Mixed Platforms
		Debug|x86 = Debug|x86
		Release|Any CPU = Release|Any CPU
		Release|Mixed Platforms = Release|Mixed Platforms
		Release|x86 = Release|x86
	EndGlobalSection
	GlobalSection(ProjectConfigurationPlatforms) = postSolution
		{9411FD91-3C80-47DB-8DFB-8FFC68C18592}.Debug|Any CPU.ActiveCfg = Debug|Any CPU
		{9411FD91-3C80-47DB-8DFB-8FFC68C18592}.Debug|Any CPU.Build.0 = Debug|Any CPU
		{9411FD91-3C80-47DB-8DFB-8FFC68C18592}.Debug|Mixed Platforms.ActiveCfg = Debug|x86
		{9411FD91-3C80-47DB-8DFB-8FFC68C18592}.Debug|Mixed Platforms.Build.0 = Debug|x86
		{9411FD91-3C80-47DB-8DFB-8FFC68C18592}.Debug|x86.ActiveCfg = Debug|x86
		{9411FD91-3C80-47DB-8DFB-8FFC68C18592}.Debug|x86.Build.0 = Debug|x86
		{9411FD91-3C80-47DB-8DFB-8FFC68C18592}.Release|Any CPU.ActiveCfg = Release|Any CPU
		{9411FD91-3C80-47DB-8DFB-8FFC68C18592}.Release|Any CPU.Build.0 = Release|Any CPU
		{9411FD91-3C80-47DB-8DFB-8FFC68C18592}.Release|Mixed Platforms.ActiveCfg = Release|x86
		{9411FD91-3C80-47DB-8DFB-8FFC68C18592}.Release|Mixed Platforms.Build.0 = Release|x86
		{9411FD91-3C80-47DB-8DFB-8FFC68C18592}.Release|x86.ActiveCfg = Release|x86
		{9411FD91-3C80-47DB-8DFB-8FFC68C18592}.Release|x86.Build.0 = Release|x86
	EndGlobalSection
	GlobalSection(SolutionProperties) = preSolution
		HideSolutionNode = FALSE
	EndGlobalSection
EndGlobal
